
Microsoft Visual Studio Solution File, Format Version 12.00
# Visual Studio Version 17
VisualStudioVersion = 17.13.35818.85
MinimumVisualStudioVersion = 10.0.40219.1
Project("{FAE04EC0-301F-11D3-BF4B-00C04F79EFBC}") = "Yr.Model", "Yr.Model\Yr.Model.csproj", "{B6962551-BBED-46F9-9A86-C619761C0AA1}"
EndProject
Project("{FAE04EC0-301F-11D3-BF4B-00C04F79EFBC}") = "Yr.Client", "Yr.Client\Yr.Client.csproj", "{82A9432E-CC69-41FD-901F-B03A9F904DAC}"
EndProject
Project("{FAE04EC0-301F-11D3-BF4B-00C04F79EFBC}") = "Test.Yr.Model", "Test.Yr.Model\Test.Yr.Model.csproj", "{58648652-EA07-4552-921F-80D3DAB94800}"
EndProject
Project("{FAE04EC0-301F-11D3-BF4B-00C04F79EFBC}") = "Test.Yr.Client", "Test.Yr.Client\Test.Yr.Client.csproj", "{3F3724AA-B697-41F6-A46B-4042410A9A56}"
EndProject
Project("{2150E333-8FDC-42A3-9474-1A3956D46DE8}") = "Solution Items", "Solution Items", "{8EC462FD-D22E-90A8-E5CE-7E832BA40C5D}"
	ProjectSection(SolutionItems) = preProject
		.gitignore = .gitignore
		Directory.Build.props = Directory.Build.props
		LICENSE = LICENSE
		Readme.md = Readme.md
	EndProjectSection
EndProject
Project("{FAE04EC0-301F-11D3-BF4B-00C04F79EFBC}") = "Example.Cli.QuickForecast", "Example.Cli.QuickForecast\Example.Cli.QuickForecast.csproj", "{FB6185C2-6390-4815-9A62-54905FD6CF9E}"
EndProject
Project("{FAE04EC0-301F-11D3-BF4B-00C04F79EFBC}") = "Example.Service.Reporter", "Example.Service.Reporter\Example.Service.Reporter.csproj", "{08663EC2-90ED-4EB1-8E3A-3D2B2FE505C0}"
EndProject
Project("{FAE04EC0-301F-11D3-BF4B-00C04F79EFBC}") = "Example.Cli.Search", "Example.Cli.Search\Example.Cli.Search.csproj", "{45B37F48-BB78-4A24-896B-02DFB344887D}"
EndProject
Global
	GlobalSection(SolutionConfigurationPlatforms) = preSolution
		Debug|Any CPU = Debug|Any CPU
		Release|Any CPU = Release|Any CPU
	EndGlobalSection
	GlobalSection(ProjectConfigurationPlatforms) = postSolution
		{B6962551-BBED-46F9-9A86-C619761C0AA1}.Debug|Any CPU.ActiveCfg = Debug|Any CPU
		{B6962551-BBED-46F9-9A86-C619761C0AA1}.Debug|Any CPU.Build.0 = Debug|Any CPU
		{B6962551-BBED-46F9-9A86-C619761C0AA1}.Release|Any CPU.ActiveCfg = Release|Any CPU
		{B6962551-BBED-46F9-9A86-C619761C0AA1}.Release|Any CPU.Build.0 = Release|Any CPU
		{82A9432E-CC69-41FD-901F-B03A9F904DAC}.Debug|Any CPU.ActiveCfg = Debug|Any CPU
		{82A9432E-CC69-41FD-901F-B03A9F904DAC}.Debug|Any CPU.Build.0 = Debug|Any CPU
		{82A9432E-CC69-41FD-901F-B03A9F904DAC}.Release|Any CPU.ActiveCfg = Release|Any CPU
		{82A9432E-CC69-41FD-901F-B03A9F904DAC}.Release|Any CPU.Build.0 = Release|Any CPU
		{58648652-EA07-4552-921F-80D3DAB94800}.Debug|Any CPU.ActiveCfg = Debug|Any CPU
		{58648652-EA07-4552-921F-80D3DAB94800}.Debug|Any CPU.Build.0 = Debug|Any CPU
		{58648652-EA07-4552-921F-80D3DAB94800}.Release|Any CPU.ActiveCfg = Release|Any CPU
		{58648652-EA07-4552-921F-80D3DAB94800}.Release|Any CPU.Build.0 = Release|Any CPU
		{3F3724AA-B697-41F6-A46B-4042410A9A56}.Debug|Any CPU.ActiveCfg = Debug|Any CPU
		{3F3724AA-B697-41F6-A46B-4042410A9A56}.Debug|Any CPU.Build.0 = Debug|Any CPU
		{3F3724AA-B697-41F6-A46B-4042410A9A56}.Release|Any CPU.ActiveCfg = Release|Any CPU
		{3F3724AA-B697-41F6-A46B-4042410A9A56}.Release|Any CPU.Build.0 = Release|Any CPU
		{FB6185C2-6390-4815-9A62-54905FD6CF9E}.Debug|Any CPU.ActiveCfg = Debug|Any CPU
		{FB6185C2-6390-4815-9A62-54905FD6CF9E}.Debug|Any CPU.Build.0 = Debug|Any CPU
		{FB6185C2-6390-4815-9A62-54905FD6CF9E}.Release|Any CPU.ActiveCfg = Release|Any CPU
		{FB6185C2-6390-4815-9A62-54905FD6CF9E}.Release|Any CPU.Build.0 = Release|Any CPU
		{08663EC2-90ED-4EB1-8E3A-3D2B2FE505C0}.Debug|Any CPU.ActiveCfg = Debug|Any CPU
		{08663EC2-90ED-4EB1-8E3A-3D2B2FE505C0}.Debug|Any CPU.Build.0 = Debug|Any CPU
		{08663EC2-90ED-4EB1-8E3A-3D2B2FE505C0}.Release|Any CPU.ActiveCfg = Release|Any CPU
		{08663EC2-90ED-4EB1-8E3A-3D2B2FE505C0}.Release|Any CPU.Build.0 = Release|Any CPU
		{45B37F48-BB78-4A24-896B-02DFB344887D}.Debug|Any CPU.ActiveCfg = Debug|Any CPU
		{45B37F48-BB78-4A24-896B-02DFB344887D}.Debug|Any CPU.Build.0 = Debug|Any CPU
		{45B37F48-BB78-4A24-896B-02DFB344887D}.Release|Any CPU.ActiveCfg = Release|Any CPU
		{45B37F48-BB78-4A24-896B-02DFB344887D}.Release|Any CPU.Build.0 = Release|Any CPU
	EndGlobalSection
	GlobalSection(SolutionProperties) = preSolution
		HideSolutionNode = FALSE
	EndGlobalSection
	GlobalSection(ExtensibilityGlobals) = postSolution
		SolutionGuid = {CA577DFC-938A-4802-AE7F-2DCFD879B194}
	EndGlobalSection
EndGlobal
